
Microsoft Visual Studio Solution File, Format Version 12.00
# Visual Studio Version 17
VisualStudioVersion = 17.9.34607.119
MinimumVisualStudioVersion = 10.0.40219.1
Project("{FAE04EC0-301F-11D3-BF4B-00C04F79EFBC}") = "SpaceMissionControl", "SpaceMissionControl.csproj", "{96D01F37-7615-4F12-8573-C1C8A83A0B41}"
EndProject
Global
	GlobalSection(SolutionConfigurationPlatforms) = preSolution
		Debug|Any CPU = Debug|Any CPU
		Release|Any CPU = Release|Any CPU
	EndGlobalSection
	GlobalSection(ProjectConfigurationPlatforms) = postSolution
		{96D01F37-7615-4F12-8573-C1C8A83A0B41}.Debug|Any CPU.ActiveCfg = Debug|Any CPU
		{96D01F37-7615-4F12-8573-C1C8A83A0B41}.Debug|Any CPU.Build.0 = Debug|Any CPU
		{96D01F37-7615-4F12-8573-C1C8A83A0B41}.Release|Any CPU.ActiveCfg = Release|Any CPU
		{96D01F37-7615-4F12-8573-C1C8A83A0B41}.Release|Any CPU.Build.0 = Release|Any CPU
	EndGlobalSection
	GlobalSection(SolutionProperties) = preSolution
		HideSolutionNode = FALSE
	EndGlobalSection
	GlobalSection(ExtensibilityGlobals) = postSolution
		SolutionGuid = {AC01750C-78A6-461F-9870-F7F85F21FDBD}
	EndGlobalSection
EndGlobal
